PODS:
  - MaskWalletCore (0.1.0):
    - SwiftProtobuf (~> 1.0)
  - SwiftProtobuf (1.16.0)

DEPENDENCIES:
  - MaskWalletCore (from `../`)

SPEC REPOS:
  trunk:
    - SwiftProtobuf

EXTERNAL SOURCES:
  MaskWalletCore:
    :path: "../"

SPEC CHECKSUMS:
  MaskWalletCore: 3ab13e10de81b76881485d99bc5e97d672d80b42
  SwiftProtobuf: 4e16842b83c6fda06b10fac50d73b3f1fce8ab7b

PODFILE CHECKSUM: 6d8bc006376cbd55caafd6d092a56e83eda998f6

COCOAPODS: 1.10.1
