PODS:
  - MaskbookPlugin (0.1.0):
    - SwiftyJSON
  - SwiftyJSON (5.0.0)

DEPENDENCIES:
  - MaskbookPlugin (from `../`)

SPEC REPOS:
  trunk:
    - SwiftyJSON

EXTERNAL SOURCES:
  MaskbookPlugin:
    :path: "../"

SPEC CHECKSUMS:
  MaskbookPlugin: bf4c5c80aa59adad981360b476e337360ba6df98
  SwiftyJSON: 36413e04c44ee145039d332b4f4e2d3e8d6c4db7

PODFILE CHECKSUM: b6e4ddc05f37e31efbda59f5fef61dd1e60ab1fd

COCOAPODS: 1.8.4
